
Microsoft Visual Studio Solution File, Format Version 12.00
Project("{FAE04EC0-301F-11D3-BF4B-00C04F79EFBC}") = "MauiApp2", "MauiApp2\MauiApp2.csproj", "{CDCE60F4-BDF5-475A-B11F-79B100199A1C}"
EndProject
Global
	GlobalSection(SolutionConfigurationPlatforms) = preSolution
		Debug|Any CPU = Debug|Any CPU
		Release|Any CPU = Release|Any CPU
	EndGlobalSection
	GlobalSection(ProjectConfigurationPlatforms) = postSolution
		{CDCE60F4-BDF5-475A-B11F-79B100199A1C}.Debug|Any CPU.ActiveCfg = Debug|Any CPU
		{CDCE60F4-BDF5-475A-B11F-79B100199A1C}.Debug|Any CPU.Build.0 = Debug|Any CPU
		{CDCE60F4-BDF5-475A-B11F-79B100199A1C}.Release|Any CPU.ActiveCfg = Release|Any CPU
		{CDCE60F4-BDF5-475A-B11F-79B100199A1C}.Release|Any CPU.Build.0 = Release|Any CPU
	EndGlobalSection
EndGlobal
